// !$*UTF8*$!
{
	archiveVersion = 1;
	classes = {
	};
	objectVersion = 45;
	objects = {

/* Begin PBXBuildFile section */
		1DDD582C0DA1D0D100B32029 /* MyDocument.xib in Resources */ = {isa = PBXBuildFile; fileRef = 1DDD58280DA1D0D100B32029 /* MyDocument.xib */; };
		1DDD582D0DA1D0D100B32029 /* MainMenu.xib in Resources */ = {isa = PBXBuildFile; fileRef = 1DDD582A0DA1D0D100B32029 /* MainMenu.xib */; };
		5A47A19F13BBF658008DE4CC /* HGMarkdownHighlighter.m in Sources */ = {isa = PBXBuildFile; fileRef = 5A47A19C13BBF658008DE4CC /* HGMarkdownHighlighter.m */; };
		5A47A1A013BBF658008DE4CC /* HGMarkdownHighlightingStyle.m in Sources */ = {isa = PBXBuildFile; fileRef = 5A47A19E13BBF658008DE4CC /* HGMarkdownHighlightingStyle.m */; };
		5A47A1A413BBF675008DE4CC /* markdown_parser.c in Sources */ = {isa = PBXBuildFile; fileRef = 5A47A1A213BBF675008DE4CC /* markdown_parser.c */; };
		5A69086513C8EAA200995340 /* styleparser.c in Sources */ = {isa = PBXBuildFile; fileRef = 5A69085E13C8EAA200995340 /* styleparser.c */; };
		5A69086613C8EAA200995340 /* error.style in Resources */ = {isa = PBXBuildFile; fileRef = 5A69086113C8EAA200995340 /* error.style */; };
		5A69086713C8EAA200995340 /* solarized-dark.style in Resources */ = {isa = PBXBuildFile; fileRef = 5A69086213C8EAA200995340 /* solarized-dark.style */; };
		5A69086813C8EAA200995340 /* solarized-light.style in Resources */ = {isa = PBXBuildFile; fileRef = 5A69086313C8EAA200995340 /* solarized-light.style */; };
		5A69086913C8EAA200995340 /* teststyle.style in Resources */ = {isa = PBXBuildFile; fileRef = 5A69086413C8EAA200995340 /* teststyle.style */; };
		5A9E652113C902DE00C8D820 /* fletcher.style in Resources */ = {isa = PBXBuildFile; fileRef = 5A9E652013C902DE00C8D820 /* fletcher.style */; };
		5AA14DEE13C27654002D188D /* WebKit.framework in Frameworks */ = {isa = PBXBuildFile; fileRef = 5AA14DED13C27654002D188D /* WebKit.framework */; };
		5AA34A2113C9EAC00030158C /* fletcher-solarized.style in Resources */ = {isa = PBXBuildFile; fileRef = 5AA34A2013C9EAC00030158C /* fletcher-solarized.style */; };
		5AD5AFA313CA4D60003F6247 /* AppDelegate.m in Sources */ = {isa = PBXBuildFile; fileRef = 5AD5AFA213CA4D60003F6247 /* AppDelegate.m */; };
		5AF8DE6513C8AA23001B412C /* FTPMultiMarkdownHighlighter.m in Sources */ = {isa = PBXBuildFile; fileRef = 5AF8DE6413C8AA23001B412C /* FTPMultiMarkdownHighlighter.m */; };
		8D15AC2C0486D014006FF6A4 /* Credits.rtf in Resources */ = {isa = PBXBuildFile; fileRef = 2A37F4B9FDCFA73011CA2CEA /* Credits.rtf */; };
		8D15AC2F0486D014006FF6A4 /* InfoPlist.strings in Resources */ = {isa = PBXBuildFile; fileRef = 089C165FFE840EACC02AAC07 /* InfoPlist.strings */; };
		8D15AC310486D014006FF6A4 /* MyDocument.m in Sources */ = {isa = PBXBuildFile; fileRef = 2A37F4ACFDCFA73011CA2CEA /* MyDocument.m */; settings = {ATTRIBUTES = (); }; };
		8D15AC320486D014006FF6A4 /* main.m in Sources */ = {isa = PBXBuildFile; fileRef = 2A37F4B0FDCFA73011CA2CEA /* main.m */; settings = {ATTRIBUTES = (); }; };
		8D15AC340486D014006FF6A4 /* Cocoa.framework in Frameworks */ = {isa = PBXBuildFile; fileRef = 1058C7A7FEA54F5311CA2CBB /* Cocoa.framework */; };
/* End PBXBuildFile section */

/* Begin PBXFileReference section */
		089C1660FE840EACC02AAC07 /* English */ = {isa = PBXFileReference; fileEncoding = 4; lastKnownFileType = text.plist.strings; name = English; path = English.lproj/InfoPlist.strings; sourceTree = "<group>"; };
		1058C7A7FEA54F5311CA2CBB /* Cocoa.framework */ = {isa = PBXFileReference; lastKnownFileType = wrapper.framework; name = Cocoa.framework; path = /System/Library/Frameworks/Cocoa.framework; sourceTree = "<absolute>"; };
		13E42FBA07B3F13500E4EEF1 /* CoreData.framework */ = {isa = PBXFileReference; lastKnownFileType = wrapper.framework; name = CoreData.framework; path = /System/Library/Frameworks/CoreData.framework; sourceTree = "<absolute>"; };
		1DDD58290DA1D0D100B32029 /* English */ = {isa = PBXFileReference; lastKnownFileType = file.xib; name = English; path = English.lproj/MyDocument.xib; sourceTree = "<group>"; };
		1DDD582B0DA1D0D100B32029 /* English */ = {isa = PBXFileReference; lastKnownFileType = file.xib; name = English; path = English.lproj/MainMenu.xib; sourceTree = "<group>"; };
		2564AD2C0F5327BB00F57823 /* mmd_editor_Prefix.pch */ = {isa = PBXFileReference; fileEncoding = 4; lastKnownFileType = sourcecode.c.h; path = mmd_editor_Prefix.pch; sourceTree = "<group>"; };
		2A37F4ACFDCFA73011CA2CEA /* MyDocument.m */ = {isa = PBXFileReference; fileEncoding = 4; lastKnownFileType = sourcecode.c.objc; path = MyDocument.m; sourceTree = "<group>"; };
		2A37F4AEFDCFA73011CA2CEA /* MyDocument.h */ = {isa = PBXFileReference; fileEncoding = 4; lastKnownFileType = sourcecode.c.h; path = MyDocument.h; sourceTree = "<group>"; };
		2A37F4B0FDCFA73011CA2CEA /* main.m */ = {isa = PBXFileReference; fileEncoding = 4; lastKnownFileType = sourcecode.c.objc; path = main.m; sourceTree = "<group>"; };
		2A37F4BAFDCFA73011CA2CEA /* English */ = {isa = PBXFileReference; lastKnownFileType = text.rtf; name = English; path = English.lproj/Credits.rtf; sourceTree = "<group>"; };
		2A37F4C4FDCFA73011CA2CEA /* AppKit.framework */ = {isa = PBXFileReference; lastKnownFileType = wrapper.framework; name = AppKit.framework; path = /System/Library/Frameworks/AppKit.framework; sourceTree = "<absolute>"; };
		2A37F4C5FDCFA73011CA2CEA /* Foundation.framework */ = {isa = PBXFileReference; lastKnownFileType = wrapper.framework; name = Foundation.framework; path = /System/Library/Frameworks/Foundation.framework; sourceTree = "<absolute>"; };
		5A47A19B13BBF658008DE4CC /* HGMarkdownHighlighter.h */ = {isa = PBXFileReference; fileEncoding = 4; lastKnownFileType = sourcecode.c.h; path = HGMarkdownHighlighter.h; sourceTree = "<group>"; };
		5A47A19C13BBF658008DE4CC /* HGMarkdownHighlighter.m */ = {isa = PBXFileReference; fileEncoding = 4; lastKnownFileType = sourcecode.c.objc; path = HGMarkdownHighlighter.m; sourceTree = "<group>"; };
		5A47A19D13BBF658008DE4CC /* HGMarkdownHighlightingStyle.h */ = {isa = PBXFileReference; fileEncoding = 4; lastKnownFileType = sourcecode.c.h; path = HGMarkdownHighlightingStyle.h; sourceTree = "<group>"; };
		5A47A19E13BBF658008DE4CC /* HGMarkdownHighlightingStyle.m */ = {isa = PBXFileReference; fileEncoding = 4; lastKnownFileType = sourcecode.c.objc; path = HGMarkdownHighlightingStyle.m; sourceTree = "<group>"; };
		5A47A1A213BBF675008DE4CC /* markdown_parser.c */ = {isa = PBXFileReference; fileEncoding = 4; lastKnownFileType = sourcecode.c.c; path = markdown_parser.c; sourceTree = "<group>"; };
		5A47A1AB13BBF6A7008DE4CC /* markdown_definitions.h */ = {isa = PBXFileReference; fileEncoding = 4; lastKnownFileType = sourcecode.c.h; path = markdown_definitions.h; sourceTree = "<group>"; };
		5A47A1AC13BBF6A7008DE4CC /* markdown_parser.h */ = {isa = PBXFileReference; fileEncoding = 4; lastKnownFileType = sourcecode.c.h; path = markdown_parser.h; sourceTree = "<group>"; };
		5A69085E13C8EAA200995340 /* styleparser.c */ = {isa = PBXFileReference; fileEncoding = 4; lastKnownFileType = sourcecode.c.c; name = styleparser.c; path = "../../../Active/MMD-Editor/styleparser/styleparser.c"; sourceTree = SOURCE_ROOT; };
		5A69085F13C8EAA200995340 /* styleparser.h */ = {isa = PBXFileReference; fileEncoding = 4; lastKnownFileType = sourcecode.c.h; name = styleparser.h; path = "../../../Active/MMD-Editor/styleparser/styleparser.h"; sourceTree = SOURCE_ROOT; };
		5A69086113C8EAA200995340 /* error.style */ = {isa = PBXFileReference; fileEncoding = 4; lastKnownFileType = text; name = error.style; path = "../../../Active/MMD-Editor/styleparser/styles/error.style"; sourceTree = "<group>"; };
		5A69086213C8EAA200995340 /* solarized-dark.style */ = {isa = PBXFileReference; fileEncoding = 4; lastKnownFileType = text; name = "solarized-dark.style"; path = "../../../Active/MMD-Editor/styleparser/styles/solarized-dark.style"; sourceTree = "<group>"; };
		5A69086313C8EAA200995340 /* solarized-light.style */ = {isa = PBXFileReference; fileEncoding = 4; lastKnownFileType = text; name = "solarized-light.style"; path = "../../../Active/MMD-Editor/styleparser/styles/solarized-light.style"; sourceTree = "<group>"; };
		5A69086413C8EAA200995340 /* teststyle.style */ = {isa = PBXFileReference; fileEncoding = 4; lastKnownFileType = text; name = teststyle.style; path = "../../../Active/MMD-Editor/styleparser/styles/teststyle.style"; sourceTree = "<group>"; };
		5A9E652013C902DE00C8D820 /* fletcher.style */ = {isa = PBXFileReference; fileEncoding = 4; lastKnownFileType = text; name = fletcher.style; path = "../../../Active/MMD-Editor/styleparser/styles/fletcher.style"; sourceTree = SOURCE_ROOT; };
		5AA14DED13C27654002D188D /* WebKit.framework */ = {isa = PBXFileReference; lastKnownFileType = wrapper.framework; name = WebKit.framework; path = System/Library/Frameworks/WebKit.framework; sourceTree = SDKROOT; };
		5AA34A2013C9EAC00030158C /* fletcher-solarized.style */ = {isa = PBXFileReference; fileEncoding = 4; lastKnownFileType = text; name = "fletcher-solarized.style"; path = "../../../Active/MMD-Editor/styleparser/styles/fletcher-solarized.style"; sourceTree = SOURCE_ROOT; };
		5AD5AFA113CA4D60003F6247 /* AppDelegate.h */ = {isa = PBXFileReference; fileEncoding = 4; lastKnownFileType = sourcecode.c.h; path = AppDelegate.h; sourceTree = "<group>"; };
		5AD5AFA213CA4D60003F6247 /* AppDelegate.m */ = {isa = PBXFileReference; fileEncoding = 4; lastKnownFileType = sourcecode.c.objc; path = AppDelegate.m; sourceTree = "<group>"; };
		5AF8DE6313C8AA23001B412C /* FTPMultiMarkdownHighlighter.h */ = {isa = PBXFileReference; fileEncoding = 4; lastKnownFileType = sourcecode.c.h; name = FTPMultiMarkdownHighlighter.h; path = "../../../Active/MMD-Editor/mmd-editor/FTPMultiMarkdownHighlighter.h"; sourceTree = SOURCE_ROOT; };
		5AF8DE6413C8AA23001B412C /* FTPMultiMarkdownHighlighter.m */ = {isa = PBXFileReference; fileEncoding = 4; lastKnownFileType = sourcecode.c.objc; name = FTPMultiMarkdownHighlighter.m; path = "../../../Active/MMD-Editor/mmd-editor/FTPMultiMarkdownHighlighter.m"; sourceTree = SOURCE_ROOT; };
		8D15AC360486D014006FF6A4 /* mmd_editor-Info.plist */ = {isa = PBXFileReference; fileEncoding = 4; lastKnownFileType = text.plist.xml; path = "mmd_editor-Info.plist"; sourceTree = "<group>"; };
		8D15AC370486D014006FF6A4 /* mmd-editor.app */ = {isa = PBXFileReference; explicitFileType = wrapper.application; includeInIndex = 0; path = "mmd-editor.app"; sourceTree = BUILT_PRODUCTS_DIR; };
/* End PBXFileReference section */

/* Begin PBXFrameworksBuildPhase section */
		8D15AC330486D014006FF6A4 /* Frameworks */ = {
			isa = PBXFrameworksBuildPhase;
			buildActionMask = 2147483647;
			files = (
				8D15AC340486D014006FF6A4 /* Cocoa.framework in Frameworks */,
				5AA14DEE13C27654002D188D /* WebKit.framework in Frameworks */,
			);
			runOnlyForDeploymentPostprocessing = 0;
		};
/* End PBXFrameworksBuildPhase section */

/* Begin PBXGroup section */
		1058C7A6FEA54F5311CA2CBB /* Linked Frameworks */ = {
			isa = PBXGroup;
			children = (
				1058C7A7FEA54F5311CA2CBB /* Cocoa.framework */,
			);
			name = "Linked Frameworks";
			sourceTree = "<group>";
		};
		1058C7A8FEA54F5311CA2CBB /* Other Frameworks */ = {
			isa = PBXGroup;
			children = (
				2A37F4C4FDCFA73011CA2CEA /* AppKit.framework */,
				13E42FBA07B3F13500E4EEF1 /* CoreData.framework */,
				2A37F4C5FDCFA73011CA2CEA /* Foundation.framework */,
			);
			name = "Other Frameworks";
			sourceTree = "<group>";
		};
		19C28FB0FE9D524F11CA2CBB /* Products */ = {
			isa = PBXGroup;
			children = (
				8D15AC370486D014006FF6A4 /* mmd-editor.app */,
			);
			name = Products;
			sourceTree = "<group>";
		};
		2A37F4AAFDCFA73011CA2CEA /* mmd-editor */ = {
			isa = PBXGroup;
			children = (
				2A37F4ABFDCFA73011CA2CEA /* Classes */,
				2A37F4AFFDCFA73011CA2CEA /* Other Sources */,
				2A37F4B8FDCFA73011CA2CEA /* Resources */,
				2A37F4C3FDCFA73011CA2CEA /* Frameworks */,
				19C28FB0FE9D524F11CA2CBB /* Products */,
			);
			name = "mmd-editor";
			sourceTree = "<group>";
		};
		2A37F4ABFDCFA73011CA2CEA /* Classes */ = {
			isa = PBXGroup;
			children = (
				5AD5AFA113CA4D60003F6247 /* AppDelegate.h */,
				5AD5AFA213CA4D60003F6247 /* AppDelegate.m */,
				5AF8DE6313C8AA23001B412C /* FTPMultiMarkdownHighlighter.h */,
				5AF8DE6413C8AA23001B412C /* FTPMultiMarkdownHighlighter.m */,
				5A47A19B13BBF658008DE4CC /* HGMarkdownHighlighter.h */,
				5A47A19C13BBF658008DE4CC /* HGMarkdownHighlighter.m */,
				5A47A19D13BBF658008DE4CC /* HGMarkdownHighlightingStyle.h */,
				5A47A19E13BBF658008DE4CC /* HGMarkdownHighlightingStyle.m */,
				2A37F4AEFDCFA73011CA2CEA /* MyDocument.h */,
				2A37F4ACFDCFA73011CA2CEA /* MyDocument.m */,
			);
			name = Classes;
			sourceTree = "<group>";
		};
		2A37F4AFFDCFA73011CA2CEA /* Other Sources */ = {
			isa = PBXGroup;
			children = (
				5A69086013C8EAA200995340 /* styles */,
				5A69085E13C8EAA200995340 /* styleparser.c */,
				5A69085F13C8EAA200995340 /* styleparser.h */,
				5A47A1AB13BBF6A7008DE4CC /* markdown_definitions.h */,
				5A47A1AC13BBF6A7008DE4CC /* markdown_parser.h */,
				5A47A1A213BBF675008DE4CC /* markdown_parser.c */,
				2564AD2C0F5327BB00F57823 /* mmd_editor_Prefix.pch */,
				2A37F4B0FDCFA73011CA2CEA /* main.m */,
			);
			name = "Other Sources";
			sourceTree = "<group>";
		};
		2A37F4B8FDCFA73011CA2CEA /* Resources */ = {
			isa = PBXGroup;
			children = (
				5AA34A2013C9EAC00030158C /* fletcher-solarized.style */,
				5A9E652013C902DE00C8D820 /* fletcher.style */,
				5A69086413C8EAA200995340 /* teststyle.style */,
				5A69086113C8EAA200995340 /* error.style */,
				5A69086213C8EAA200995340 /* solarized-dark.style */,
				5A69086313C8EAA200995340 /* solarized-light.style */,
				2A37F4B9FDCFA73011CA2CEA /* Credits.rtf */,
				8D15AC360486D014006FF6A4 /* mmd_editor-Info.plist */,
				089C165FFE840EACC02AAC07 /* InfoPlist.strings */,
				1DDD58280DA1D0D100B32029 /* MyDocument.xib */,
				1DDD582A0DA1D0D100B32029 /* MainMenu.xib */,
			);
			name = Resources;
			sourceTree = "<group>";
		};
		2A37F4C3FDCFA73011CA2CEA /* Frameworks */ = {
			isa = PBXGroup;
			children = (
				5AA14DED13C27654002D188D /* WebKit.framework */,
				1058C7A6FEA54F5311CA2CBB /* Linked Frameworks */,
				1058C7A8FEA54F5311CA2CBB /* Other Frameworks */,
			);
			name = Frameworks;
			sourceTree = "<group>";
		};
		5A69086013C8EAA200995340 /* styles */ = {
			isa = PBXGroup;
			children = (
			);
			name = styles;
			path = "../../../Active/MMD-Editor/styleparser/styles";
			sourceTree = SOURCE_ROOT;
		};
/* End PBXGroup section */

/* Begin PBXNativeTarget section */
		8D15AC270486D014006FF6A4 /* mmd-editor */ = {
			isa = PBXNativeTarget;
			buildConfigurationList = C05733C708A9546B00998B17 /* Build configuration list for PBXNativeTarget "mmd-editor" */;
			buildPhases = (
				8D15AC2B0486D014006FF6A4 /* Resources */,
				8D15AC300486D014006FF6A4 /* Sources */,
				8D15AC330486D014006FF6A4 /* Frameworks */,
			);
			buildRules = (
			);
			dependencies = (
			);
			name = "mmd-editor";
			productInstallPath = "$(HOME)/Applications";
			productName = "mmd-editor";
			productReference = 8D15AC370486D014006FF6A4 /* mmd-editor.app */;
			productType = "com.apple.product-type.application";
		};
/* End PBXNativeTarget section */

/* Begin PBXProject section */
		2A37F4A9FDCFA73011CA2CEA /* Project object */ = {
			isa = PBXProject;
			buildConfigurationList = C05733CB08A9546B00998B17 /* Build configuration list for PBXProject "mmd-editor" */;
			compatibilityVersion = "Xcode 3.1";
			developmentRegion = English;
			hasScannedForEncodings = 1;
			knownRegions = (
				English,
				Japanese,
				French,
				German,
			);
			mainGroup = 2A37F4AAFDCFA73011CA2CEA /* mmd-editor */;
			projectDirPath = "";
			projectRoot = "";
			targets = (
				8D15AC270486D014006FF6A4 /* mmd-editor */,
			);
		};
/* End PBXProject section */

/* Begin PBXResourcesBuildPhase section */
		8D15AC2B0486D014006FF6A4 /* Resources */ = {
			isa = PBXResourcesBuildPhase;
			buildActionMask = 2147483647;
			files = (
				8D15AC2C0486D014006FF6A4 /* Credits.rtf in Resources */,
				8D15AC2F0486D014006FF6A4 /* InfoPlist.strings in Resources */,
				1DDD582C0DA1D0D100B32029 /* MyDocument.xib in Resources */,
				1DDD582D0DA1D0D100B32029 /* MainMenu.xib in Resources */,
				5A69086613C8EAA200995340 /* error.style in Resources */,
				5A69086713C8EAA200995340 /* solarized-dark.style in Resources */,
				5A69086813C8EAA200995340 /* solarized-light.style in Resources */,
				5A69086913C8EAA200995340 /* teststyle.style in Resources */,
				5A9E652113C902DE00C8D820 /* fletcher.style in Resources */,
				5AA34A2113C9EAC00030158C /* fletcher-solarized.style in Resources */,
			);
			runOnlyForDeploymentPostprocessing = 0;
		};
/* End PBXResourcesBuildPhase section */

/* Begin PBXSourcesBuildPhase section */
		8D15AC300486D014006FF6A4 /* Sources */ = {
			isa = PBXSourcesBuildPhase;
			buildActionMask = 2147483647;
			files = (
				8D15AC310486D014006FF6A4 /* MyDocument.m in Sources */,
				8D15AC320486D014006FF6A4 /* main.m in Sources */,
				5A47A19F13BBF658008DE4CC /* HGMarkdownHighlighter.m in Sources */,
				5A47A1A013BBF658008DE4CC /* HGMarkdownHighlightingStyle.m in Sources */,
				5A47A1A413BBF675008DE4CC /* markdown_parser.c in Sources */,
				5AF8DE6513C8AA23001B412C /* FTPMultiMarkdownHighlighter.m in Sources */,
				5A69086513C8EAA200995340 /* styleparser.c in Sources */,
				5AD5AFA313CA4D60003F6247 /* AppDelegate.m in Sources */,
			);
			runOnlyForDeploymentPostprocessing = 0;
		};
/* End PBXSourcesBuildPhase section */

/* Begin PBXVariantGroup section */
		089C165FFE840EACC02AAC07 /* InfoPlist.strings */ = {
			isa = PBXVariantGroup;
			children = (
				089C1660FE840EACC02AAC07 /* English */,
			);
			name = InfoPlist.strings;
			sourceTree = "<group>";
		};
		1DDD58280DA1D0D100B32029 /* MyDocument.xib */ = {
			isa = PBXVariantGroup;
			children = (
				1DDD58290DA1D0D100B32029 /* English */,
			);
			name = MyDocument.xib;
			sourceTree = "<group>";
		};
		1DDD582A0DA1D0D100B32029 /* MainMenu.xib */ = {
			isa = PBXVariantGroup;
			children = (
				1DDD582B0DA1D0D100B32029 /* English */,
			);
			name = MainMenu.xib;
			sourceTree = "<group>";
		};
		2A37F4B9FDCFA73011CA2CEA /* Credits.rtf */ = {
			isa = PBXVariantGroup;
			children = (
				2A37F4BAFDCFA73011CA2CEA /* English */,
			);
			name = Credits.rtf;
			sourceTree = "<group>";
		};
/* End PBXVariantGroup section */

/* Begin XCBuildConfiguration section */
		C05733C808A9546B00998B17 /* Debug */ = {
			isa = XCBuildConfiguration;
			buildSettings = {
				ALWAYS_SEARCH_USER_PATHS = NO;
				COPY_PHASE_STRIP = NO;
				GCC_DYNAMIC_NO_PIC = NO;
				GCC_ENABLE_FIX_AND_CONTINUE = YES;
				GCC_MODEL_TUNING = G5;
				GCC_OPTIMIZATION_LEVEL = 0;
				GCC_PRECOMPILE_PREFIX_HEADER = YES;
				GCC_PREFIX_HEADER = mmd_editor_Prefix.pch;
				INFOPLIST_FILE = "mmd_editor-Info.plist";
				INSTALL_PATH = "$(HOME)/Applications";
				PRODUCT_NAME = "mmd-editor";
			};
			name = Debug;
		};
		C05733C908A9546B00998B17 /* Release */ = {
			isa = XCBuildConfiguration;
			buildSettings = {
				ALWAYS_SEARCH_USER_PATHS = NO;
				DEBUG_INFORMATION_FORMAT = "dwarf-with-dsym";
				GCC_MODEL_TUNING = G5;
				GCC_PRECOMPILE_PREFIX_HEADER = YES;
				GCC_PREFIX_HEADER = mmd_editor_Prefix.pch;
				INFOPLIST_FILE = "mmd_editor-Info.plist";
				INSTALL_PATH = "$(HOME)/Applications";
				PRODUCT_NAME = "mmd-editor";
			};
			name = Release;
		};
		C05733CC08A9546B00998B17 /* Debug */ = {
			isa = XCBuildConfiguration;
			buildSettings = {
				ARCHS = "$(ARCHS_STANDARD_32_64_BIT)";
				GCC_C_LANGUAGE_STANDARD = gnu99;
				GCC_OPTIMIZATION_LEVEL = 0;
				GCC_WARN_ABOUT_RETURN_TYPE = YES;
				GCC_WARN_UNUSED_VARIABLE = YES;
				ONLY_ACTIVE_ARCH = YES;
				PREBINDING = NO;
				SDKROOT = macosx10.6;
			};
			name = Debug;
		};
		C05733CD08A9546B00998B17 /* Release */ = {
			isa = XCBuildConfiguration;
			buildSettings = {
				ARCHS = "$(ARCHS_STANDARD_32_64_BIT)";
				GCC_C_LANGUAGE_STANDARD = gnu99;
				GCC_WARN_ABOUT_RETURN_TYPE = YES;
				GCC_WARN_UNUSED_VARIABLE = YES;
				PREBINDING = NO;
				SDKROOT = macosx10.6;
			};
			name = Release;
		};
/* End XCBuildConfiguration section */

/* Begin XCConfigurationList section */
		C05733C708A9546B00998B17 /* Build configuration list for PBXNativeTarget "mmd-editor" */ = {
			isa = XCConfigurationList;
			buildConfigurations = (
				C05733C808A9546B00998B17 /* Debug */,
				C05733C908A9546B00998B17 /* Release */,
			);
			defaultConfigurationIsVisible = 0;
			defaultConfigurationName = Release;
		};
		C05733CB08A9546B00998B17 /* Build configuration list for PBXProject "mmd-editor" */ = {
			isa = XCConfigurationList;
			buildConfigurations = (
				C05733CC08A9546B00998B17 /* Debug */,
				C05733CD08A9546B00998B17 /* Release */,
			);
			defaultConfigurationIsVisible = 0;
			defaultConfigurationName = Release;
		};
/* End XCConfigurationList section */
	};
	rootObject = 2A37F4A9FDCFA73011CA2CEA /* Project object */;
}
